
Microsoft Visual Studio Solution File, Format Version 12.00
# Visual Studio Version 17
VisualStudioVersion = 17.0.31903.59
MinimumVisualStudioVersion = 10.0.40219.1
Project("{FAE04EC0-301F-11D3-BF4B-00C04F79EFBC}") = "PrimeService", "PrimeService\PrimeService.csproj", "{6DEAE4C4-85F0-47BB-ADAD-97134A0956D9}"
EndProject
Project("{FAE04EC0-301F-11D3-BF4B-00C04F79EFBC}") = "PrimeService.Tests", "PrimeService.Tests\PrimeService.Tests.csproj", "{67951C21-4898-4843-BA93-8E4260445BE2}"
EndProject
Global
	GlobalSection(SolutionConfigurationPlatforms) = preSolution
		Debug|Any CPU = Debug|Any CPU
		Release|Any CPU = Release|Any CPU
	EndGlobalSection
	GlobalSection(SolutionProperties) = preSolution
		HideSolutionNode = FALSE
	EndGlobalSection
	GlobalSection(ProjectConfigurationPlatforms) = postSolution
		{6DEAE4C4-85F0-47BB-ADAD-97134A0956D9}.Debug|Any CPU.ActiveCfg = Debug|Any CPU
		{6DEAE4C4-85F0-47BB-ADAD-97134A0956D9}.Debug|Any CPU.Build.0 = Debug|Any CPU
		{6DEAE4C4-85F0-47BB-ADAD-97134A0956D9}.Release|Any CPU.ActiveCfg = Release|Any CPU
		{6DEAE4C4-85F0-47BB-ADAD-97134A0956D9}.Release|Any CPU.Build.0 = Release|Any CPU
		{67951C21-4898-4843-BA93-8E4260445BE2}.Debug|Any CPU.ActiveCfg = Debug|Any CPU
		{67951C21-4898-4843-BA93-8E4260445BE2}.Debug|Any CPU.Build.0 = Debug|Any CPU
		{67951C21-4898-4843-BA93-8E4260445BE2}.Release|Any CPU.ActiveCfg = Release|Any CPU
		{67951C21-4898-4843-BA93-8E4260445BE2}.Release|Any CPU.Build.0 = Release|Any CPU
	EndGlobalSection
EndGlobal
